<?xml version="1.0" encoding="utf-8"?>
<Project ToolsVersion="4.0" xmlns="http://schemas.microsoft.com/developer/msbuild/2003">
  <ItemGroup>
    <Filter Include="Source Files">
      <UniqueIdentifier>{f2a0c381-db0f-4ada-a329-47080673ed31}</UniqueIdentifier>
      <Extensions>cpp;c;cxx;rc;def;r;odl;idl;hpj;bat</Extensions>
    </Filter>
    <Filter Include="Header Files">
      <UniqueIdentifier>{d40ebc27-5444-4c09-bcc3-8374ca3aa958}</UniqueIdentifier>
      <Extensions>h;hpp;hxx;hm;inl</Extensions>
    </Filter>
    <Filter Include="Resource Files">
      <UniqueIdentifier>{d7c93766-1449-415b-a8a3-673e99ce8b7b}</UniqueIdentifier>
      <Extensions>ico;cur;bmp;dlg;rc2;rct;bin;rgs;gif;jpg;jpeg;jpe</Extensions>
    </Filter>
  </ItemGroup>
  <ItemGroup>
    <ClCompile Include="..\src_full\dbfreader.cpp">
      <Filter>Source Files</Filter>
    </ClCompile>
    <ClCompile Include="geoprojectionconverter.cpp">
      <Filter>Source Files</Filter>
    </ClCompile>
    <ClCompile Include="lasinfo.cpp">
      <Filter>Source Files</Filter>
    </ClCompile>
    <ClCompile Include="..\src_full\lasinfo_gui.cpp">
      <Filter>Source Files</Filter>
    </ClCompile>
    <ClCompile Include="..\src_full\lasinfo_multi_core.cpp">
      <Filter>Source Files</Filter>
    </ClCompile>
    <ClCompile Include="..\src_full\laslicense.cpp">
      <Filter>Source Files</Filter>
    </ClCompile>
    <ClCompile Include="..\src_full\lasoccupancy.cpp">
      <Filter>Source Files</Filter>
    </ClCompile>
    <ClCompile Include="..\src_full\lastools_gui.cpp">
      <Filter>Source Files</Filter>
    </ClCompile>
    <ClCompile Include="..\src_full\lastools_multi_core.cpp">
      <Filter>Source Files</Filter>
    </ClCompile>
    <ClCompile Include="..\src_full\shpreader.cpp">
      <Filter>Source Files</Filter>
    </ClCompile>
    <ClCompile Include="..\src_full\sr_api\srreader_png.cpp">
      <Filter>Source Files</Filter>
    </ClCompile>
  </ItemGroup>
  <ItemGroup>
    <ClInclude Include="..\src_full\dbfreader.hpp">
      <Filter>Header Files</Filter>
    </ClInclude>
    <ClInclude Include="geoprojectionconverter.hpp">
      <Filter>Header Files</Filter>
    </ClInclude>
    <ClInclude Include="..\LASzip\src\lasattributer.hpp">
      <Filter>Header Files</Filter>
    </ClInclude>
    <ClInclude Include="..\laslib\inc\lasdefinitions.hpp">
      <Filter>Header Files</Filter>
    </ClInclude>
    <ClInclude Include="..\laslib\inc\lasfilter.hpp">
      <Filter>Header Files</Filter>
    </ClInclude>
    <ClInclude Include="..\LASzip\src\lasindex.hpp">
      <Filter>Header Files</Filter>
    </ClInclude>
    <ClInclude Include="..\laslib\inc\lasinfo.hpp">
      <Filter>Header Files</Filter>
    </ClInclude>
    <ClInclude Include="..\LASzip\src\lasinterval.hpp">
      <Filter>Header Files</Filter>
    </ClInclude>
    <ClInclude Include="..\src_full\laslicense.hpp">
      <Filter>Header Files</Filter>
    </ClInclude>
    <ClInclude Include="..\src_full\lasoccupancy.hpp">
      <Filter>Header Files</Filter>
    </ClInclude>
    <ClInclude Include="..\LASzip\src\laspoint.hpp">
      <Filter>Header Files</Filter>
    </ClInclude>
    <ClInclude Include="..\LASzip\src\lasquadtree.hpp">
      <Filter>Header Files</Filter>
    </ClInclude>
    <ClInclude Include="..\LASzip\src\lasquantizer.hpp">
      <Filter>Header Files</Filter>
    </ClInclude>
    <ClInclude Include="..\src_full\lasraster.hpp">
      <Filter>Header Files</Filter>
    </ClInclude>
    <ClInclude Include="..\laslib\inc\lasreader.hpp">
      <Filter>Header Files</Filter>
    </ClInclude>
    <ClInclude Include="..\laslib\inc\lasspatial.hpp">
      <Filter>Header Files</Filter>
    </ClInclude>
    <ClInclude Include="..\laslib\inc\lastransform.hpp">
      <Filter>Header Files</Filter>
    </ClInclude>
    <ClInclude Include="..\laslib\inc\lasutility.hpp">
      <Filter>Header Files</Filter>
    </ClInclude>
    <ClInclude Include="..\laslib\inc\laswaveform13reader.hpp">
      <Filter>Header Files</Filter>
    </ClInclude>
    <ClInclude Include="..\laslib\inc\laswaveform13writer.hpp">
      <Filter>Header Files</Filter>
    </ClInclude>
    <ClInclude Include="..\laslib\inc\laswriter.hpp">
      <Filter>Header Files</Filter>
    </ClInclude>
    <ClInclude Include="..\LASzip\src\laszip.hpp">
      <Filter>Header Files</Filter>
    </ClInclude>
    <ClInclude Include="..\src_full\linereader.hpp">
      <Filter>Header Files</Filter>
    </ClInclude>
    <ClInclude Include="..\LASzip\src\mydefs.hpp">
      <Filter>Header Files</Filter>
    </ClInclude>
    <ClInclude Include="..\src_full\shpreader.hpp">
      <Filter>Header Files</Filter>
    </ClInclude>
    <ClInclude Include="..\src_full\sr_api\srreader.hpp">
      <Filter>Header Files</Filter>
    </ClInclude>
    <ClInclude Include="..\src_full\sr_api\srreader_png.hpp">
      <Filter>Header Files</Filter>
    </ClInclude>
    <ClInclude Include="..\src_full\txtreader.hpp">
      <Filter>Header Files</Filter>
    </ClInclude>
  </ItemGroup>
  <ItemGroup>
    <Image Include="..\src_full\icon1.ico">
      <Filter>Resource Files</Filter>
    </Image>
  </ItemGroup>
  <ItemGroup>
    <ResourceCompile Include="..\src_full\lastool.rc">
      <Filter>Resource Files</Filter>
    </ResourceCompile>
  </ItemGroup>
</Project>