<?xml version="1.0" encoding="utf-8"?>
<Project ToolsVersion="4.0" xmlns="http://schemas.microsoft.com/developer/msbuild/2003">
  <ItemGroup>
    <Filter Include="Source Files">
      <UniqueIdentifier>{3504716c-6629-46cf-baaa-5f51fa6498c7}</UniqueIdentifier>
      <Extensions>cpp;c;cxx;rc;def;r;odl;idl;hpj;bat</Extensions>
    </Filter>
    <Filter Include="Header Files">
      <UniqueIdentifier>{78fab3ac-b55d-413f-b462-7704d948c3d2}</UniqueIdentifier>
      <Extensions>h;hpp;hxx;hm;inl</Extensions>
    </Filter>
    <Filter Include="Resource Files">
      <UniqueIdentifier>{eb39e17d-b32b-4bfb-a9a5-c0de88544b09}</UniqueIdentifier>
      <Extensions>ico;cur;bmp;dlg;rc2;rct;bin;rgs;gif;jpg;jpeg;jpe</Extensions>
    </Filter>
  </ItemGroup>
  <ItemGroup>
    <ClCompile Include="..\src_full\dbfreader.cpp">
      <Filter>Source Files</Filter>
    </ClCompile>
    <ClCompile Include="geoprojectionconverter.cpp">
      <Filter>Source Files</Filter>
    </ClCompile>
    <ClCompile Include="..\src_full\laslicense.cpp">
      <Filter>Source Files</Filter>
    </ClCompile>
    <ClCompile Include="..\src_full\lasoccupancy.cpp">
      <Filter>Source Files</Filter>
    </ClCompile>
    <ClCompile Include="..\src_full\lastools_gui.cpp">
      <Filter>Source Files</Filter>
    </ClCompile>
    <ClCompile Include="..\src_full\lastools_multi_core.cpp">
      <Filter>Source Files</Filter>
    </ClCompile>
    <ClCompile Include="laszip.cpp">
      <Filter>Source Files</Filter>
    </ClCompile>
    <ClCompile Include="..\src_full\laszip_gui.cpp">
      <Filter>Source Files</Filter>
    </ClCompile>
    <ClCompile Include="..\src_full\laszip_multi_core.cpp">
      <Filter>Source Files</Filter>
    </ClCompile>
    <ClCompile Include="..\src_full\shpreader.cpp">
      <Filter>Source Files</Filter>
    </ClCompile>
    <ClCompile Include="..\src_full\sr_api\srreader_png.cpp">
      <Filter>Source Files</Filter>
    </ClCompile>
  </ItemGroup>
  <ItemGroup>
    <ClInclude Include="..\LASzip\src\bytestreamin.hpp">
      <Filter>Header Files</Filter>
    </ClInclude>
    <ClInclude Include="..\LASzip\src\bytestreamin_array.hpp">
      <Filter>Header Files</Filter>
    </ClInclude>
    <ClInclude Include="..\LASzip\src\bytestreamout.hpp">
      <Filter>Header Files</Filter>
    </ClInclude>
    <ClInclude Include="..\LASzip\src\bytestreamout_array.hpp">
      <Filter>Header Files</Filter>
    </ClInclude>
    <ClInclude Include="..\src_full\dbfreader.hpp">
      <Filter>Header Files</Filter>
    </ClInclude>
    <ClInclude Include="geoprojectionconverter.hpp">
      <Filter>Header Files</Filter>
    </ClInclude>
    <ClInclude Include="..\LASzip\src\lasattributer.hpp">
      <Filter>Header Files</Filter>
    </ClInclude>
    <ClInclude Include="..\laslib\inc\lasdefinitions.hpp">
      <Filter>Header Files</Filter>
    </ClInclude>
    <ClInclude Include="..\laslib\inc\lasfilter.hpp">
      <Filter>Header Files</Filter>
    </ClInclude>
    <ClInclude Include="..\LASzip\src\lasindex.hpp">
      <Filter>Header Files</Filter>
    </ClInclude>
    <ClInclude Include="..\LASzip\src\lasinterval.hpp">
      <Filter>Header Files</Filter>
    </ClInclude>
    <ClInclude Include="..\src_full\laslicense.hpp">
      <Filter>Header Files</Filter>
    </ClInclude>
    <ClInclude Include="..\src_full\lasoccupancy.hpp">
      <Filter>Header Files</Filter>
    </ClInclude>
    <ClInclude Include="..\LASzip\src\laspoint.hpp">
      <Filter>Header Files</Filter>
    </ClInclude>
    <ClInclude Include="..\LASzip\src\lasquadtree.hpp">
      <Filter>Header Files</Filter>
    </ClInclude>
    <ClInclude Include="..\LASzip\src\lasquantizer.hpp">
      <Filter>Header Files</Filter>
    </ClInclude>
    <ClInclude Include="..\src_full\lasraster.hpp">
      <Filter>Header Files</Filter>
    </ClInclude>
    <ClInclude Include="..\laslib\inc\lasreader.hpp">
      <Filter>Header Files</Filter>
    </ClInclude>
    <ClInclude Include="..\laslib\inc\lastransform.hpp">
      <Filter>Header Files</Filter>
    </ClInclude>
    <ClInclude Include="..\laslib\inc\lasutility.hpp">
      <Filter>Header Files</Filter>
    </ClInclude>
    <ClInclude Include="..\laslib\inc\laswaveform13reader.hpp">
      <Filter>Header Files</Filter>
    </ClInclude>
    <ClInclude Include="..\laslib\inc\laswaveform13writer.hpp">
      <Filter>Header Files</Filter>
    </ClInclude>
    <ClInclude Include="..\laslib\inc\laswriter.hpp">
      <Filter>Header Files</Filter>
    </ClInclude>
    <ClInclude Include="..\laslib\inc\laswritercompatible.hpp">
      <Filter>Header Files</Filter>
    </ClInclude>
    <ClInclude Include="..\LASzip\src\laszip.hpp">
      <Filter>Header Files</Filter>
    </ClInclude>
    <ClInclude Include="..\src_full\linereader.hpp">
      <Filter>Header Files</Filter>
    </ClInclude>
    <ClInclude Include="..\LASzip\src\mydefs.hpp">
      <Filter>Header Files</Filter>
    </ClInclude>
    <ClInclude Include="..\src_full\shpreader.hpp">
      <Filter>Header Files</Filter>
    </ClInclude>
    <ClInclude Include="..\src_full\sr_api\srreader.hpp">
      <Filter>Header Files</Filter>
    </ClInclude>
    <ClInclude Include="..\src_full\sr_api\srreader_png.hpp">
      <Filter>Header Files</Filter>
    </ClInclude>
    <ClInclude Include="..\src_full\txtreader.hpp">
      <Filter>Header Files</Filter>
    </ClInclude>
  </ItemGroup>
  <ItemGroup>
    <Image Include="..\src_full\icon1.ico">
      <Filter>Resource Files</Filter>
    </Image>
  </ItemGroup>
  <ItemGroup>
    <ResourceCompile Include="..\src_full\lastool.rc">
      <Filter>Resource Files</Filter>
    </ResourceCompile>
  </ItemGroup>
</Project>