
Microsoft Visual Studio Solution File, Format Version 12.00
# Visual Studio 2013
VisualStudioVersion = 12.0.21005.1
MinimumVisualStudioVersion = 10.0.40219.1
Project("{8BC9CEB8-8B4A-11D0-8D11-00A0C91BC942}") = "LASlib", "LASlib\LASlib.vcxproj", "{27B1AF71-C6EA-4228-ABC2-45A4E54577FD}"
EndProject
Project("{8BC9CEB8-8B4A-11D0-8D11-00A0C91BC942}") = "las2las", "src\las2las.vcxproj", "{15DDF2D6-33CF-48E9-A4E0-44F4211CE08C}"
EndProject
Project("{8BC9CEB8-8B4A-11D0-8D11-00A0C91BC942}") = "las2txt", "src\las2txt.vcxproj", "{2A254A3A-E524-408F-AC4F-B8D3C077DFAC}"
EndProject
Project("{8BC9CEB8-8B4A-11D0-8D11-00A0C91BC942}") = "lasdiff", "src\lasdiff.vcxproj", "{802EAB95-185A-41C1-8512-F39A809626D0}"
EndProject
Project("{8BC9CEB8-8B4A-11D0-8D11-00A0C91BC942}") = "lasindex", "src\lasindex.vcxproj", "{F343BD22-200D-4996-A78A-CC1CEA22A6DC}"
EndProject
Project("{8BC9CEB8-8B4A-11D0-8D11-00A0C91BC942}") = "lasinfo", "src\lasinfo.vcxproj", "{3669414A-685F-40DD-9F04-C5DE217D6286}"
EndProject
Project("{8BC9CEB8-8B4A-11D0-8D11-00A0C91BC942}") = "lasmerge", "src\lasmerge.vcxproj", "{E01BF698-6659-4AC6-8552-BA9495F6E01A}"
EndProject
Project("{8BC9CEB8-8B4A-11D0-8D11-00A0C91BC942}") = "lasprecision", "src\lasprecision.vcxproj", "{4884C4EB-972A-41FA-B4B1-3BF5F1DA2487}"
EndProject
Project("{8BC9CEB8-8B4A-11D0-8D11-00A0C91BC942}") = "laszip", "src\laszip.vcxproj", "{E5837102-7716-4AD5-A8E0-23E28A427D6C}"
EndProject
Project("{8BC9CEB8-8B4A-11D0-8D11-00A0C91BC942}") = "txt2las", "src\txt2las.vcxproj", "{29CDB8F6-AEB7-4EA3-8532-E7AC486233BA}"
EndProject
Global
	GlobalSection(SolutionConfigurationPlatforms) = preSolution
		Debug without GUI|Win32 = Debug without GUI|Win32
		Debug without GUI|x64 = Debug without GUI|x64
		Debug|Win32 = Debug|Win32
		Debug|x64 = Debug|x64
		Release without GUI|Win32 = Release without GUI|Win32
		Release without GUI|x64 = Release without GUI|x64
		Release|Win32 = Release|Win32
		Release|x64 = Release|x64
		Template|Win32 = Template|Win32
		Template|x64 = Template|x64
	EndGlobalSection
	GlobalSection(ProjectConfigurationPlatforms) = postSolution
		{27B1AF71-C6EA-4228-ABC2-45A4E54577FD}.Debug without GUI|Win32.ActiveCfg = Debug|Win32
		{27B1AF71-C6EA-4228-ABC2-45A4E54577FD}.Debug without GUI|Win32.Build.0 = Debug|Win32
		{27B1AF71-C6EA-4228-ABC2-45A4E54577FD}.Debug without GUI|x64.ActiveCfg = Debug|x64
		{27B1AF71-C6EA-4228-ABC2-45A4E54577FD}.Debug without GUI|x64.Build.0 = Debug|x64
		{27B1AF71-C6EA-4228-ABC2-45A4E54577FD}.Debug|Win32.ActiveCfg = Debug|Win32
		{27B1AF71-C6EA-4228-ABC2-45A4E54577FD}.Debug|Win32.Build.0 = Debug|Win32
		{27B1AF71-C6EA-4228-ABC2-45A4E54577FD}.Debug|x64.ActiveCfg = Release|x64
		{27B1AF71-C6EA-4228-ABC2-45A4E54577FD}.Debug|x64.Build.0 = Release|x64
		{27B1AF71-C6EA-4228-ABC2-45A4E54577FD}.Release without GUI|Win32.ActiveCfg = Release|Win32
		{27B1AF71-C6EA-4228-ABC2-45A4E54577FD}.Release without GUI|Win32.Build.0 = Release|Win32
		{27B1AF71-C6EA-4228-ABC2-45A4E54577FD}.Release without GUI|x64.ActiveCfg = Release|x64
		{27B1AF71-C6EA-4228-ABC2-45A4E54577FD}.Release without GUI|x64.Build.0 = Release|x64
		{27B1AF71-C6EA-4228-ABC2-45A4E54577FD}.Release|Win32.ActiveCfg = Release|Win32
		{27B1AF71-C6EA-4228-ABC2-45A4E54577FD}.Release|Win32.Build.0 = Release|Win32
		{27B1AF71-C6EA-4228-ABC2-45A4E54577FD}.Release|x64.ActiveCfg = Release|x64
		{27B1AF71-C6EA-4228-ABC2-45A4E54577FD}.Release|x64.Build.0 = Release|x64
		{27B1AF71-C6EA-4228-ABC2-45A4E54577FD}.Template|Win32.ActiveCfg = Release|Win32
		{27B1AF71-C6EA-4228-ABC2-45A4E54577FD}.Template|Win32.Build.0 = Release|Win32
		{27B1AF71-C6EA-4228-ABC2-45A4E54577FD}.Template|x64.ActiveCfg = Release|x64
		{27B1AF71-C6EA-4228-ABC2-45A4E54577FD}.Template|x64.Build.0 = Release|x64
		{15DDF2D6-33CF-48E9-A4E0-44F4211CE08C}.Debug without GUI|Win32.ActiveCfg = Debug without GUI|Win32
		{15DDF2D6-33CF-48E9-A4E0-44F4211CE08C}.Debug without GUI|Win32.Build.0 = Debug without GUI|Win32
		{15DDF2D6-33CF-48E9-A4E0-44F4211CE08C}.Debug without GUI|x64.ActiveCfg = Debug without GUI|x64
		{15DDF2D6-33CF-48E9-A4E0-44F4211CE08C}.Debug without GUI|x64.Build.0 = Debug without GUI|x64
		{15DDF2D6-33CF-48E9-A4E0-44F4211CE08C}.Debug|Win32.ActiveCfg = Debug|Win32
		{15DDF2D6-33CF-48E9-A4E0-44F4211CE08C}.Debug|Win32.Build.0 = Debug|Win32
		{15DDF2D6-33CF-48E9-A4E0-44F4211CE08C}.Debug|x64.ActiveCfg = Release|x64
		{15DDF2D6-33CF-48E9-A4E0-44F4211CE08C}.Debug|x64.Build.0 = Release|x64
		{15DDF2D6-33CF-48E9-A4E0-44F4211CE08C}.Release without GUI|Win32.ActiveCfg = Release without GUI|Win32
		{15DDF2D6-33CF-48E9-A4E0-44F4211CE08C}.Release without GUI|Win32.Build.0 = Release without GUI|Win32
		{15DDF2D6-33CF-48E9-A4E0-44F4211CE08C}.Release without GUI|x64.ActiveCfg = Release without GUI|x64
		{15DDF2D6-33CF-48E9-A4E0-44F4211CE08C}.Release without GUI|x64.Build.0 = Release without GUI|x64
		{15DDF2D6-33CF-48E9-A4E0-44F4211CE08C}.Release|Win32.ActiveCfg = Release|Win32
		{15DDF2D6-33CF-48E9-A4E0-44F4211CE08C}.Release|Win32.Build.0 = Release|Win32
		{15DDF2D6-33CF-48E9-A4E0-44F4211CE08C}.Release|x64.ActiveCfg = Release|x64
		{15DDF2D6-33CF-48E9-A4E0-44F4211CE08C}.Release|x64.Build.0 = Release|x64
		{15DDF2D6-33CF-48E9-A4E0-44F4211CE08C}.Template|Win32.ActiveCfg = Template|Win32
		{15DDF2D6-33CF-48E9-A4E0-44F4211CE08C}.Template|Win32.Build.0 = Template|Win32
		{15DDF2D6-33CF-48E9-A4E0-44F4211CE08C}.Template|x64.ActiveCfg = Template|x64
		{15DDF2D6-33CF-48E9-A4E0-44F4211CE08C}.Template|x64.Build.0 = Template|x64
		{2A254A3A-E524-408F-AC4F-B8D3C077DFAC}.Debug without GUI|Win32.ActiveCfg = Debug without GUI|Win32
		{2A254A3A-E524-408F-AC4F-B8D3C077DFAC}.Debug without GUI|Win32.Build.0 = Debug without GUI|Win32
		{2A254A3A-E524-408F-AC4F-B8D3C077DFAC}.Debug without GUI|x64.ActiveCfg = Debug without GUI|x64
		{2A254A3A-E524-408F-AC4F-B8D3C077DFAC}.Debug without GUI|x64.Build.0 = Debug without GUI|x64
		{2A254A3A-E524-408F-AC4F-B8D3C077DFAC}.Debug|Win32.ActiveCfg = Debug|Win32
		{2A254A3A-E524-408F-AC4F-B8D3C077DFAC}.Debug|Win32.Build.0 = Debug|Win32
		{2A254A3A-E524-408F-AC4F-B8D3C077DFAC}.Debug|x64.ActiveCfg = Release|x64
		{2A254A3A-E524-408F-AC4F-B8D3C077DFAC}.Debug|x64.Build.0 = Release|x64
		{2A254A3A-E524-408F-AC4F-B8D3C077DFAC}.Release without GUI|Win32.ActiveCfg = Release without GUI|Win32
		{2A254A3A-E524-408F-AC4F-B8D3C077DFAC}.Release without GUI|Win32.Build.0 = Release without GUI|Win32
		{2A254A3A-E524-408F-AC4F-B8D3C077DFAC}.Release without GUI|x64.ActiveCfg = Release without GUI|x64
		{2A254A3A-E524-408F-AC4F-B8D3C077DFAC}.Release without GUI|x64.Build.0 = Release without GUI|x64
		{2A254A3A-E524-408F-AC4F-B8D3C077DFAC}.Release|Win32.ActiveCfg = Release|Win32
		{2A254A3A-E524-408F-AC4F-B8D3C077DFAC}.Release|Win32.Build.0 = Release|Win32
		{2A254A3A-E524-408F-AC4F-B8D3C077DFAC}.Release|x64.ActiveCfg = Release|x64
		{2A254A3A-E524-408F-AC4F-B8D3C077DFAC}.Release|x64.Build.0 = Release|x64
		{2A254A3A-E524-408F-AC4F-B8D3C077DFAC}.Template|Win32.ActiveCfg = Template|Win32
		{2A254A3A-E524-408F-AC4F-B8D3C077DFAC}.Template|Win32.Build.0 = Template|Win32
		{2A254A3A-E524-408F-AC4F-B8D3C077DFAC}.Template|x64.ActiveCfg = Template|x64
		{2A254A3A-E524-408F-AC4F-B8D3C077DFAC}.Template|x64.Build.0 = Template|x64
		{802EAB95-185A-41C1-8512-F39A809626D0}.Debug without GUI|Win32.ActiveCfg = Debug without GUI|Win32
		{802EAB95-185A-41C1-8512-F39A809626D0}.Debug without GUI|Win32.Build.0 = Debug without GUI|Win32
		{802EAB95-185A-41C1-8512-F39A809626D0}.Debug without GUI|x64.ActiveCfg = Debug without GUI|x64
		{802EAB95-185A-41C1-8512-F39A809626D0}.Debug without GUI|x64.Build.0 = Debug without GUI|x64
		{802EAB95-185A-41C1-8512-F39A809626D0}.Debug|Win32.ActiveCfg = Debug|Win32
		{802EAB95-185A-41C1-8512-F39A809626D0}.Debug|Win32.Build.0 = Debug|Win32
		{802EAB95-185A-41C1-8512-F39A809626D0}.Debug|x64.ActiveCfg = Release|x64
		{802EAB95-185A-41C1-8512-F39A809626D0}.Debug|x64.Build.0 = Release|x64
		{802EAB95-185A-41C1-8512-F39A809626D0}.Release without GUI|Win32.ActiveCfg = Release without GUI|Win32
		{802EAB95-185A-41C1-8512-F39A809626D0}.Release without GUI|Win32.Build.0 = Release without GUI|Win32
		{802EAB95-185A-41C1-8512-F39A809626D0}.Release without GUI|x64.ActiveCfg = Release without GUI|x64
		{802EAB95-185A-41C1-8512-F39A809626D0}.Release without GUI|x64.Build.0 = Release without GUI|x64
		{802EAB95-185A-41C1-8512-F39A809626D0}.Release|Win32.ActiveCfg = Release|Win32
		{802EAB95-185A-41C1-8512-F39A809626D0}.Release|Win32.Build.0 = Release|Win32
		{802EAB95-185A-41C1-8512-F39A809626D0}.Release|x64.ActiveCfg = Release|x64
		{802EAB95-185A-41C1-8512-F39A809626D0}.Release|x64.Build.0 = Release|x64
		{802EAB95-185A-41C1-8512-F39A809626D0}.Template|Win32.ActiveCfg = Template|Win32
		{802EAB95-185A-41C1-8512-F39A809626D0}.Template|Win32.Build.0 = Template|Win32
		{802EAB95-185A-41C1-8512-F39A809626D0}.Template|x64.ActiveCfg = Template|x64
		{802EAB95-185A-41C1-8512-F39A809626D0}.Template|x64.Build.0 = Template|x64
		{F343BD22-200D-4996-A78A-CC1CEA22A6DC}.Debug without GUI|Win32.ActiveCfg = Debug without GUI|Win32
		{F343BD22-200D-4996-A78A-CC1CEA22A6DC}.Debug without GUI|Win32.Build.0 = Debug without GUI|Win32
		{F343BD22-200D-4996-A78A-CC1CEA22A6DC}.Debug without GUI|x64.ActiveCfg = Debug without GUI|x64
		{F343BD22-200D-4996-A78A-CC1CEA22A6DC}.Debug without GUI|x64.Build.0 = Debug without GUI|x64
		{F343BD22-200D-4996-A78A-CC1CEA22A6DC}.Debug|Win32.ActiveCfg = Debug|Win32
		{F343BD22-200D-4996-A78A-CC1CEA22A6DC}.Debug|Win32.Build.0 = Debug|Win32
		{F343BD22-200D-4996-A78A-CC1CEA22A6DC}.Debug|x64.ActiveCfg = Release|x64
		{F343BD22-200D-4996-A78A-CC1CEA22A6DC}.Debug|x64.Build.0 = Release|x64
		{F343BD22-200D-4996-A78A-CC1CEA22A6DC}.Release without GUI|Win32.ActiveCfg = Release without GUI|Win32
		{F343BD22-200D-4996-A78A-CC1CEA22A6DC}.Release without GUI|Win32.Build.0 = Release without GUI|Win32
		{F343BD22-200D-4996-A78A-CC1CEA22A6DC}.Release without GUI|x64.ActiveCfg = Release without GUI|x64
		{F343BD22-200D-4996-A78A-CC1CEA22A6DC}.Release without GUI|x64.Build.0 = Release without GUI|x64
		{F343BD22-200D-4996-A78A-CC1CEA22A6DC}.Release|Win32.ActiveCfg = Release|Win32
		{F343BD22-200D-4996-A78A-CC1CEA22A6DC}.Release|Win32.Build.0 = Release|Win32
		{F343BD22-200D-4996-A78A-CC1CEA22A6DC}.Release|x64.ActiveCfg = Release|x64
		{F343BD22-200D-4996-A78A-CC1CEA22A6DC}.Release|x64.Build.0 = Release|x64
		{F343BD22-200D-4996-A78A-CC1CEA22A6DC}.Template|Win32.ActiveCfg = Template|Win32
		{F343BD22-200D-4996-A78A-CC1CEA22A6DC}.Template|Win32.Build.0 = Template|Win32
		{F343BD22-200D-4996-A78A-CC1CEA22A6DC}.Template|x64.ActiveCfg = Template|x64
		{F343BD22-200D-4996-A78A-CC1CEA22A6DC}.Template|x64.Build.0 = Template|x64
		{3669414A-685F-40DD-9F04-C5DE217D6286}.Debug without GUI|Win32.ActiveCfg = Debug without GUI|Win32
		{3669414A-685F-40DD-9F04-C5DE217D6286}.Debug without GUI|Win32.Build.0 = Debug without GUI|Win32
		{3669414A-685F-40DD-9F04-C5DE217D6286}.Debug without GUI|x64.ActiveCfg = Debug without GUI|x64
		{3669414A-685F-40DD-9F04-C5DE217D6286}.Debug without GUI|x64.Build.0 = Debug without GUI|x64
		{3669414A-685F-40DD-9F04-C5DE217D6286}.Debug|Win32.ActiveCfg = Debug|Win32
		{3669414A-685F-40DD-9F04-C5DE217D6286}.Debug|Win32.Build.0 = Debug|Win32
		{3669414A-685F-40DD-9F04-C5DE217D6286}.Debug|x64.ActiveCfg = Release|x64
		{3669414A-685F-40DD-9F04-C5DE217D6286}.Debug|x64.Build.0 = Release|x64
		{3669414A-685F-40DD-9F04-C5DE217D6286}.Release without GUI|Win32.ActiveCfg = Release without GUI|Win32
		{3669414A-685F-40DD-9F04-C5DE217D6286}.Release without GUI|Win32.Build.0 = Release without GUI|Win32
		{3669414A-685F-40DD-9F04-C5DE217D6286}.Release without GUI|x64.ActiveCfg = Release without GUI|x64
		{3669414A-685F-40DD-9F04-C5DE217D6286}.Release without GUI|x64.Build.0 = Release without GUI|x64
		{3669414A-685F-40DD-9F04-C5DE217D6286}.Release|Win32.ActiveCfg = Release|Win32
		{3669414A-685F-40DD-9F04-C5DE217D6286}.Release|Win32.Build.0 = Release|Win32
		{3669414A-685F-40DD-9F04-C5DE217D6286}.Release|x64.ActiveCfg = Release|x64
		{3669414A-685F-40DD-9F04-C5DE217D6286}.Release|x64.Build.0 = Release|x64
		{3669414A-685F-40DD-9F04-C5DE217D6286}.Template|Win32.ActiveCfg = Template|Win32
		{3669414A-685F-40DD-9F04-C5DE217D6286}.Template|Win32.Build.0 = Template|Win32
		{3669414A-685F-40DD-9F04-C5DE217D6286}.Template|x64.ActiveCfg = Template|x64
		{3669414A-685F-40DD-9F04-C5DE217D6286}.Template|x64.Build.0 = Template|x64
		{E01BF698-6659-4AC6-8552-BA9495F6E01A}.Debug without GUI|Win32.ActiveCfg = Debug without GUI|Win32
		{E01BF698-6659-4AC6-8552-BA9495F6E01A}.Debug without GUI|Win32.Build.0 = Debug without GUI|Win32
		{E01BF698-6659-4AC6-8552-BA9495F6E01A}.Debug without GUI|x64.ActiveCfg = Debug without GUI|x64
		{E01BF698-6659-4AC6-8552-BA9495F6E01A}.Debug without GUI|x64.Build.0 = Debug without GUI|x64
		{E01BF698-6659-4AC6-8552-BA9495F6E01A}.Debug|Win32.ActiveCfg = Debug|Win32
		{E01BF698-6659-4AC6-8552-BA9495F6E01A}.Debug|Win32.Build.0 = Debug|Win32
		{E01BF698-6659-4AC6-8552-BA9495F6E01A}.Debug|x64.ActiveCfg = Release|x64
		{E01BF698-6659-4AC6-8552-BA9495F6E01A}.Debug|x64.Build.0 = Release|x64
		{E01BF698-6659-4AC6-8552-BA9495F6E01A}.Release without GUI|Win32.ActiveCfg = Release without GUI|Win32
		{E01BF698-6659-4AC6-8552-BA9495F6E01A}.Release without GUI|Win32.Build.0 = Release without GUI|Win32
		{E01BF698-6659-4AC6-8552-BA9495F6E01A}.Release without GUI|x64.ActiveCfg = Release without GUI|x64
		{E01BF698-6659-4AC6-8552-BA9495F6E01A}.Release without GUI|x64.Build.0 = Release without GUI|x64
		{E01BF698-6659-4AC6-8552-BA9495F6E01A}.Release|Win32.ActiveCfg = Release|Win32
		{E01BF698-6659-4AC6-8552-BA9495F6E01A}.Release|Win32.Build.0 = Release|Win32
		{E01BF698-6659-4AC6-8552-BA9495F6E01A}.Release|x64.ActiveCfg = Release|x64
		{E01BF698-6659-4AC6-8552-BA9495F6E01A}.Release|x64.Build.0 = Release|x64
		{E01BF698-6659-4AC6-8552-BA9495F6E01A}.Template|Win32.ActiveCfg = Template|Win32
		{E01BF698-6659-4AC6-8552-BA9495F6E01A}.Template|Win32.Build.0 = Template|Win32
		{E01BF698-6659-4AC6-8552-BA9495F6E01A}.Template|x64.ActiveCfg = Template|x64
		{E01BF698-6659-4AC6-8552-BA9495F6E01A}.Template|x64.Build.0 = Template|x64
		{4884C4EB-972A-41FA-B4B1-3BF5F1DA2487}.Debug without GUI|Win32.ActiveCfg = Debug without GUI|Win32
		{4884C4EB-972A-41FA-B4B1-3BF5F1DA2487}.Debug without GUI|Win32.Build.0 = Debug without GUI|Win32
		{4884C4EB-972A-41FA-B4B1-3BF5F1DA2487}.Debug without GUI|x64.ActiveCfg = Debug without GUI|x64
		{4884C4EB-972A-41FA-B4B1-3BF5F1DA2487}.Debug without GUI|x64.Build.0 = Debug without GUI|x64
		{4884C4EB-972A-41FA-B4B1-3BF5F1DA2487}.Debug|Win32.ActiveCfg = Debug|Win32
		{4884C4EB-972A-41FA-B4B1-3BF5F1DA2487}.Debug|Win32.Build.0 = Debug|Win32
		{4884C4EB-972A-41FA-B4B1-3BF5F1DA2487}.Debug|x64.ActiveCfg = Release|x64
		{4884C4EB-972A-41FA-B4B1-3BF5F1DA2487}.Debug|x64.Build.0 = Release|x64
		{4884C4EB-972A-41FA-B4B1-3BF5F1DA2487}.Release without GUI|Win32.ActiveCfg = Release without GUI|Win32
		{4884C4EB-972A-41FA-B4B1-3BF5F1DA2487}.Release without GUI|Win32.Build.0 = Release without GUI|Win32
		{4884C4EB-972A-41FA-B4B1-3BF5F1DA2487}.Release without GUI|x64.ActiveCfg = Release without GUI|x64
		{4884C4EB-972A-41FA-B4B1-3BF5F1DA2487}.Release without GUI|x64.Build.0 = Release without GUI|x64
		{4884C4EB-972A-41FA-B4B1-3BF5F1DA2487}.Release|Win32.ActiveCfg = Release|Win32
		{4884C4EB-972A-41FA-B4B1-3BF5F1DA2487}.Release|Win32.Build.0 = Release|Win32
		{4884C4EB-972A-41FA-B4B1-3BF5F1DA2487}.Release|x64.ActiveCfg = Release|x64
		{4884C4EB-972A-41FA-B4B1-3BF5F1DA2487}.Release|x64.Build.0 = Release|x64
		{4884C4EB-972A-41FA-B4B1-3BF5F1DA2487}.Template|Win32.ActiveCfg = Template|Win32
		{4884C4EB-972A-41FA-B4B1-3BF5F1DA2487}.Template|Win32.Build.0 = Template|Win32
		{4884C4EB-972A-41FA-B4B1-3BF5F1DA2487}.Template|x64.ActiveCfg = Template|x64
		{4884C4EB-972A-41FA-B4B1-3BF5F1DA2487}.Template|x64.Build.0 = Template|x64
		{E5837102-7716-4AD5-A8E0-23E28A427D6C}.Debug without GUI|Win32.ActiveCfg = Debug without GUI|Win32
		{E5837102-7716-4AD5-A8E0-23E28A427D6C}.Debug without GUI|Win32.Build.0 = Debug without GUI|Win32
		{E5837102-7716-4AD5-A8E0-23E28A427D6C}.Debug without GUI|x64.ActiveCfg = Debug without GUI|x64
		{E5837102-7716-4AD5-A8E0-23E28A427D6C}.Debug without GUI|x64.Build.0 = Debug without GUI|x64
		{E5837102-7716-4AD5-A8E0-23E28A427D6C}.Debug|Win32.ActiveCfg = Debug|Win32
		{E5837102-7716-4AD5-A8E0-23E28A427D6C}.Debug|Win32.Build.0 = Debug|Win32
		{E5837102-7716-4AD5-A8E0-23E28A427D6C}.Debug|x64.ActiveCfg = Release|x64
		{E5837102-7716-4AD5-A8E0-23E28A427D6C}.Debug|x64.Build.0 = Release|x64
		{E5837102-7716-4AD5-A8E0-23E28A427D6C}.Release without GUI|Win32.ActiveCfg = Release without GUI|Win32
		{E5837102-7716-4AD5-A8E0-23E28A427D6C}.Release without GUI|Win32.Build.0 = Release without GUI|Win32
		{E5837102-7716-4AD5-A8E0-23E28A427D6C}.Release without GUI|x64.ActiveCfg = Release without GUI|x64
		{E5837102-7716-4AD5-A8E0-23E28A427D6C}.Release without GUI|x64.Build.0 = Release without GUI|x64
		{E5837102-7716-4AD5-A8E0-23E28A427D6C}.Release|Win32.ActiveCfg = Release|Win32
		{E5837102-7716-4AD5-A8E0-23E28A427D6C}.Release|Win32.Build.0 = Release|Win32
		{E5837102-7716-4AD5-A8E0-23E28A427D6C}.Release|x64.ActiveCfg = Release|x64
		{E5837102-7716-4AD5-A8E0-23E28A427D6C}.Release|x64.Build.0 = Release|x64
		{E5837102-7716-4AD5-A8E0-23E28A427D6C}.Template|Win32.ActiveCfg = Template|Win32
		{E5837102-7716-4AD5-A8E0-23E28A427D6C}.Template|Win32.Build.0 = Template|Win32
		{E5837102-7716-4AD5-A8E0-23E28A427D6C}.Template|x64.ActiveCfg = Template|x64
		{E5837102-7716-4AD5-A8E0-23E28A427D6C}.Template|x64.Build.0 = Template|x64
		{29CDB8F6-AEB7-4EA3-8532-E7AC486233BA}.Debug without GUI|Win32.ActiveCfg = Debug without GUI|Win32
		{29CDB8F6-AEB7-4EA3-8532-E7AC486233BA}.Debug without GUI|Win32.Build.0 = Debug without GUI|Win32
		{29CDB8F6-AEB7-4EA3-8532-E7AC486233BA}.Debug without GUI|x64.ActiveCfg = Debug without GUI|x64
		{29CDB8F6-AEB7-4EA3-8532-E7AC486233BA}.Debug without GUI|x64.Build.0 = Debug without GUI|x64
		{29CDB8F6-AEB7-4EA3-8532-E7AC486233BA}.Debug|Win32.ActiveCfg = Debug|Win32
		{29CDB8F6-AEB7-4EA3-8532-E7AC486233BA}.Debug|Win32.Build.0 = Debug|Win32
		{29CDB8F6-AEB7-4EA3-8532-E7AC486233BA}.Debug|x64.ActiveCfg = Release|x64
		{29CDB8F6-AEB7-4EA3-8532-E7AC486233BA}.Debug|x64.Build.0 = Release|x64
		{29CDB8F6-AEB7-4EA3-8532-E7AC486233BA}.Release without GUI|Win32.ActiveCfg = Release without GUI|Win32
		{29CDB8F6-AEB7-4EA3-8532-E7AC486233BA}.Release without GUI|Win32.Build.0 = Release without GUI|Win32
		{29CDB8F6-AEB7-4EA3-8532-E7AC486233BA}.Release without GUI|x64.ActiveCfg = Release without GUI|x64
		{29CDB8F6-AEB7-4EA3-8532-E7AC486233BA}.Release without GUI|x64.Build.0 = Release without GUI|x64
		{29CDB8F6-AEB7-4EA3-8532-E7AC486233BA}.Release|Win32.ActiveCfg = Release|Win32
		{29CDB8F6-AEB7-4EA3-8532-E7AC486233BA}.Release|Win32.Build.0 = Release|Win32
		{29CDB8F6-AEB7-4EA3-8532-E7AC486233BA}.Release|x64.ActiveCfg = Release|x64
		{29CDB8F6-AEB7-4EA3-8532-E7AC486233BA}.Release|x64.Build.0 = Release|x64
		{29CDB8F6-AEB7-4EA3-8532-E7AC486233BA}.Template|Win32.ActiveCfg = Template|Win32
		{29CDB8F6-AEB7-4EA3-8532-E7AC486233BA}.Template|Win32.Build.0 = Template|Win32
		{29CDB8F6-AEB7-4EA3-8532-E7AC486233BA}.Template|x64.ActiveCfg = Template|x64
		{29CDB8F6-AEB7-4EA3-8532-E7AC486233BA}.Template|x64.Build.0 = Template|x64
	EndGlobalSection
	GlobalSection(SolutionProperties) = preSolution
		HideSolutionNode = FALSE
	EndGlobalSection
EndGlobal
